
Microsoft Visual Studio Solution File, Format Version 12.00
# Visual Studio Version 16
VisualStudioVersion = 16.0.32901.82
MinimumVisualStudioVersion = 10.0.40219.1
Project("{FAE04EC0-301F-11D3-BF4B-00C04F79EFBC}") = "QandA", "QandA.csproj", "{0FE84EC8-650F-4298-8B62-2A32B5C3E704}"
EndProject
Global
	GlobalSection(SolutionConfigurationPlatforms) = preSolution
		Debug|Any CPU = Debug|Any CPU
		Release|Any CPU = Release|Any CPU
	EndGlobalSection
	GlobalSection(ProjectConfigurationPlatforms) = postSolution
		{0FE84EC8-650F-4298-8B62-2A32B5C3E704}.Debug|Any CPU.ActiveCfg = Debug|Any CPU
		{0FE84EC8-650F-4298-8B62-2A32B5C3E704}.Debug|Any CPU.Build.0 = Debug|Any CPU
		{0FE84EC8-650F-4298-8B62-2A32B5C3E704}.Release|Any CPU.ActiveCfg = Release|Any CPU
		{0FE84EC8-650F-4298-8B62-2A32B5C3E704}.Release|Any CPU.Build.0 = Release|Any CPU
	EndGlobalSection
	GlobalSection(SolutionProperties) = preSolution
		HideSolutionNode = FALSE
	EndGlobalSection
	GlobalSection(ExtensibilityGlobals) = postSolution
		SolutionGuid = {CBF48FCA-E888-489C-BCE0-E38D8E43AF71}
	EndGlobalSection
EndGlobal
